
Microsoft Visual Studio Solution File, Format Version 12.00
# Visual Studio Version 17
VisualStudioVersion = 17.11.35222.181
MinimumVisualStudioVersion = 10.0.40219.1
Project("{FAE04EC0-301F-11D3-BF4B-00C04F79EFBC}") = "BlazorApp1", "BlazorApp1.csproj", "{62CA4632-1892-42A2-9DD7-A92DFE98439B}"
EndProject
Global
	GlobalSection(SolutionConfigurationPlatforms) = preSolution
		Debug|Any CPU = Debug|Any CPU
		Release|Any CPU = Release|Any CPU
	EndGlobalSection
	GlobalSection(ProjectConfigurationPlatforms) = postSolution
		{62CA4632-1892-42A2-9DD7-A92DFE98439B}.Debug|Any CPU.ActiveCfg = Debug|Any CPU
		{62CA4632-1892-42A2-9DD7-A92DFE98439B}.Debug|Any CPU.Build.0 = Debug|Any CPU
		{62CA4632-1892-42A2-9DD7-A92DFE98439B}.Release|Any CPU.ActiveCfg = Release|Any CPU
		{62CA4632-1892-42A2-9DD7-A92DFE98439B}.Release|Any CPU.Build.0 = Release|Any CPU
	EndGlobalSection
	GlobalSection(SolutionProperties) = preSolution
		HideSolutionNode = FALSE
	EndGlobalSection
	GlobalSection(ExtensibilityGlobals) = postSolution
		SolutionGuid = {A2498F69-90AF-4FA9-89A0-2CFDB531C66E}
	EndGlobalSection
EndGlobal
